
Microsoft Visual Studio Solution File, Format Version 12.00
# Visual Studio 14
VisualStudioVersion = 14.0.22310.1
MinimumVisualStudioVersion = 10.0.40219.1
Project("{FAE04EC0-301F-11D3-BF4B-00C04F79EFBC}") = "NamelessInteractive.GemTool", "NamelessInteractive.GemTool\NamelessInteractive.GemTool.csproj", "{85B3D35C-1927-40F8-B752-313A71066F13}"
EndProject
Project("{F2A71F9B-5D33-465A-A702-920D77279786}") = "NamelessInteractive.GemTool.Models", "NamelessInteractive.GemTool.Models\NamelessInteractive.GemTool.Models.fsproj", "{349CCBA0-C3ED-474A-97FD-D397E5398477}"
EndProject
Project("{F2A71F9B-5D33-465A-A702-920D77279786}") = "NamelessInteractive.GemTool.Device", "NamelessInteractive.GemTool.Device\NamelessInteractive.GemTool.Device.fsproj", "{263E27E0-E9CD-4132-A241-BE44D7B7DF80}"
EndProject
Global
	GlobalSection(SolutionConfigurationPlatforms) = preSolution
		Debug|Any CPU = Debug|Any CPU
		Release|Any CPU = Release|Any CPU
	EndGlobalSection
	GlobalSection(ProjectConfigurationPlatforms) = postSolution
		{85B3D35C-1927-40F8-B752-313A71066F13}.Debug|Any CPU.ActiveCfg = Debug|Any CPU
		{85B3D35C-1927-40F8-B752-313A71066F13}.Debug|Any CPU.Build.0 = Debug|Any CPU
		{85B3D35C-1927-40F8-B752-313A71066F13}.Release|Any CPU.ActiveCfg = Release|Any CPU
		{85B3D35C-1927-40F8-B752-313A71066F13}.Release|Any CPU.Build.0 = Release|Any CPU
		{349CCBA0-C3ED-474A-97FD-D397E5398477}.Debug|Any CPU.ActiveCfg = Debug|Any CPU
		{349CCBA0-C3ED-474A-97FD-D397E5398477}.Debug|Any CPU.Build.0 = Debug|Any CPU
		{349CCBA0-C3ED-474A-97FD-D397E5398477}.Release|Any CPU.ActiveCfg = Release|Any CPU
		{349CCBA0-C3ED-474A-97FD-D397E5398477}.Release|Any CPU.Build.0 = Release|Any CPU
		{263E27E0-E9CD-4132-A241-BE44D7B7DF80}.Debug|Any CPU.ActiveCfg = Debug|Any CPU
		{263E27E0-E9CD-4132-A241-BE44D7B7DF80}.Debug|Any CPU.Build.0 = Debug|Any CPU
		{263E27E0-E9CD-4132-A241-BE44D7B7DF80}.Release|Any CPU.ActiveCfg = Release|Any CPU
		{263E27E0-E9CD-4132-A241-BE44D7B7DF80}.Release|Any CPU.Build.0 = Release|Any CPU
	EndGlobalSection
	GlobalSection(SolutionProperties) = preSolution
		HideSolutionNode = FALSE
	EndGlobalSection
EndGlobal
